
Microsoft Visual Studio Solution File, Format Version 12.00
# Visual Studio Version 17
VisualStudioVersion = 17.2.32630.192
MinimumVisualStudioVersion = 10.0.40219.1
Project("{9A19103F-16F7-4668-BE54-9A1E7A4F7556}") = "IISClient", "IISClient\IISClient.csproj", "{147F1DBE-3C47-498D-8FD3-B397DAEBB61B}"
EndProject
Global
	GlobalSection(SolutionConfigurationPlatforms) = preSolution
		Debug|Any CPU = Debug|Any CPU
		Release|Any CPU = Release|Any CPU
	EndGlobalSection
	GlobalSection(ProjectConfigurationPlatforms) = postSolution
		{147F1DBE-3C47-498D-8FD3-B397DAEBB61B}.Debug|Any CPU.ActiveCfg = Debug|Any CPU
		{147F1DBE-3C47-498D-8FD3-B397DAEBB61B}.Debug|Any CPU.Build.0 = Debug|Any CPU
		{147F1DBE-3C47-498D-8FD3-B397DAEBB61B}.Release|Any CPU.ActiveCfg = Release|Any CPU
		{147F1DBE-3C47-498D-8FD3-B397DAEBB61B}.Release|Any CPU.Build.0 = Release|Any CPU
	EndGlobalSection
	GlobalSection(SolutionProperties) = preSolution
		HideSolutionNode = FALSE
	EndGlobalSection
	GlobalSection(ExtensibilityGlobals) = postSolution
		SolutionGuid = {DC62727A-CD9F-49FD-936C-CB27D8A69317}
	EndGlobalSection
EndGlobal
